{
  "version": 4,
  "terraform_version": "1.6.4",
  "serial": 645,
  "lineage": "31d02444-4525-2142-cf87-2b78557a5d8e",
  "outputs": {},
  "resources": [
    {
      "mode": "managed",
      "type": "aws_eip",
      "name": "nat",
      "provider": "provider[\"registry.terraform.io/hashicorp/aws\"]",
      "instances": [
        {
          "schema_version": 0,
          "attributes": {
            "address": null,
            "allocation_id": "eipalloc-0601005c51a023f9c",
            "associate_with_private_ip": null,
            "association_id": "",
            "carrier_ip": "",
            "customer_owned_ip": "",
            "customer_owned_ipv4_pool": "",
            "domain": "vpc",
            "id": "eipalloc-0601005c51a023f9c",
            "instance": "",
            "network_border_group": "ap-south-1",
            "network_interface": "",
            "private_dns": null,
            "private_ip": "",
            "public_dns": "ec2-52-66-186-35.ap-south-1.compute.amazonaws.com",
            "public_ip": "52.66.186.35",
            "public_ipv4_pool": "amazon",
            "tags": null,
            "tags_all": {},
            "timeouts": null,
            "vpc": true
          },
          "sensitive_attributes": [],
          "private": "eyJlMmJmYjczMC1lY2FhLTExZTYtOGY4OC0zNDM2M2JjN2M0YzAiOnsiZGVsZXRlIjoxODAwMDAwMDAwMDAsInJlYWQiOjkwMDAwMDAwMDAwMCwidXBkYXRlIjozMDAwMDAwMDAwMDB9fQ=="
        }
      ]
    },
    {
      "mode": "managed",
      "type": "aws_instance",
      "name": "private_instance",
      "provider": "provider[\"registry.terraform.io/hashicorp/aws\"]",
      "instances": [
        {
          "schema_version": 1,
          "attributes": {
            "ami": "ami-03bfb2267ba3aa170",
            "arn": "arn:aws:ec2:ap-south-1:300133553638:instance/i-0cbda6a7b5f616032",
            "associate_public_ip_address": false,
            "availability_zone": "ap-south-1a",
            "capacity_reservation_specification": [
              {
                "capacity_reservation_preference": "open",
                "capacity_reservation_target": []
              }
            ],
            "cpu_core_count": 1,
            "cpu_options": [
              {
                "amd_sev_snp": "",
                "core_count": 1,
                "threads_per_core": 2
              }
            ],
            "cpu_threads_per_core": 2,
            "credit_specification": [
              {
                "cpu_credits": "unlimited"
              }
            ],
            "disable_api_stop": false,
            "disable_api_termination": false,
            "ebs_block_device": [],
            "ebs_optimized": false,
            "enclave_options": [
              {
                "enabled": false
              }
            ],
            "ephemeral_block_device": [],
            "get_password_data": false,
            "hibernation": false,
            "host_id": "",
            "host_resource_group_arn": null,
            "iam_instance_profile": "",
            "id": "i-0cbda6a7b5f616032",
            "instance_initiated_shutdown_behavior": "stop",
            "instance_lifecycle": "",
            "instance_market_options": [],
            "instance_state": "running",
            "instance_type": "t3.micro",
            "ipv6_address_count": 0,
            "ipv6_addresses": [],
            "key_name": "ec2-key",
            "launch_template": [],
            "maintenance_options": [
              {
                "auto_recovery": "default"
              }
            ],
            "metadata_options": [
              {
                "http_endpoint": "enabled",
                "http_protocol_ipv6": "disabled",
                "http_put_response_hop_limit": 1,
                "http_tokens": "optional",
                "instance_metadata_tags": "disabled"
              }
            ],
            "monitoring": false,
            "network_interface": [],
            "outpost_arn": "",
            "password_data": "",
            "placement_group": "",
            "placement_partition_number": 0,
            "primary_network_interface_id": "eni-097c3b4db11fb00ee",
            "private_dns": "ip-10-0-2-250.ap-south-1.compute.internal",
            "private_dns_name_options": [
              {
                "enable_resource_name_dns_a_record": false,
                "enable_resource_name_dns_aaaa_record": false,
                "hostname_type": "ip-name"
              }
            ],
            "private_ip": "10.0.2.250",
            "public_dns": "",
            "public_ip": "",
            "root_block_device": [
              {
                "delete_on_termination": true,
                "device_name": "/dev/xvda",
                "encrypted": false,
                "iops": 100,
                "kms_key_id": "",
                "tags": {},
                "throughput": 0,
                "volume_id": "vol-0d321e312b35724d2",
                "volume_size": 10,
                "volume_type": "gp2"
              }
            ],
            "secondary_private_ips": [],
            "security_groups": [],
            "source_dest_check": true,
            "spot_instance_request_id": "",
            "subnet_id": "subnet-0958506f1893bf58b",
            "tags": {
              "Name": "Private Instance"
            },
            "tags_all": {
              "Name": "Private Instance"
            },
            "tenancy": "default",
            "timeouts": null,
            "user_data": "9257f8f1a80ccef2b3d66779dd315e5de1c61564",
            "user_data_base64": null,
            "user_data_replace_on_change": false,
            "volume_tags": null,
            "vpc_security_group_ids": [
              "sg-0b777682a52b78a4a"
            ]
          },
          "sensitive_attributes": [],
          "private": "eyJlMmJmYjczMC1lY2FhLTExZTYtOGY4OC0zNDM2M2JjN2M0YzAiOnsiY3JlYXRlIjo2MDAwMDAwMDAwMDAsImRlbGV0ZSI6MTIwMDAwMDAwMDAwMCwidXBkYXRlIjo2MDAwMDAwMDAwMDB9LCJzY2hlbWFfdmVyc2lvbiI6IjEifQ==",
          "dependencies": [
            "aws_key_pair.ec2_key_pair",
            "aws_security_group.public_sg",
            "aws_subnet.private_subnet",
            "aws_vpc.main",
            "tls_private_key.ssh_key"
          ]
        }
      ]
    },
    {
      "mode": "managed",
      "type": "aws_instance",
      "name": "public_instance",
      "provider": "provider[\"registry.terraform.io/hashicorp/aws\"]",
      "instances": [
        {
          "schema_version": 1,
          "attributes": {
            "ami": "ami-03bfb2267ba3aa170",
            "arn": "arn:aws:ec2:ap-south-1:300133553638:instance/i-0d4e9ec8842346f18",
            "associate_public_ip_address": true,
            "availability_zone": "ap-south-1a",
            "capacity_reservation_specification": [
              {
                "capacity_reservation_preference": "open",
                "capacity_reservation_target": []
              }
            ],
            "cpu_core_count": 1,
            "cpu_options": [
              {
                "amd_sev_snp": "",
                "core_count": 1,
                "threads_per_core": 2
              }
            ],
            "cpu_threads_per_core": 2,
            "credit_specification": [
              {
                "cpu_credits": "unlimited"
              }
            ],
            "disable_api_stop": false,
            "disable_api_termination": false,
            "ebs_block_device": [],
            "ebs_optimized": false,
            "enclave_options": [
              {
                "enabled": false
              }
            ],
            "ephemeral_block_device": [],
            "get_password_data": false,
            "hibernation": false,
            "host_id": "",
            "host_resource_group_arn": null,
            "iam_instance_profile": "",
            "id": "i-0d4e9ec8842346f18",
            "instance_initiated_shutdown_behavior": "stop",
            "instance_lifecycle": "",
            "instance_market_options": [],
            "instance_state": "running",
            "instance_type": "t3.micro",
            "ipv6_address_count": 0,
            "ipv6_addresses": [],
            "key_name": "ec2-key",
            "launch_template": [],
            "maintenance_options": [
              {
                "auto_recovery": "default"
              }
            ],
            "metadata_options": [
              {
                "http_endpoint": "enabled",
                "http_protocol_ipv6": "disabled",
                "http_put_response_hop_limit": 1,
                "http_tokens": "optional",
                "instance_metadata_tags": "disabled"
              }
            ],
            "monitoring": false,
            "network_interface": [],
            "outpost_arn": "",
            "password_data": "",
            "placement_group": "",
            "placement_partition_number": 0,
            "primary_network_interface_id": "eni-05d7337a4f664daf7",
            "private_dns": "ip-10-0-1-203.ap-south-1.compute.internal",
            "private_dns_name_options": [
              {
                "enable_resource_name_dns_a_record": false,
                "enable_resource_name_dns_aaaa_record": false,
                "hostname_type": "ip-name"
              }
            ],
            "private_ip": "10.0.1.203",
            "public_dns": "",
            "public_ip": "65.2.31.88",
            "root_block_device": [
              {
                "delete_on_termination": true,
                "device_name": "/dev/xvda",
                "encrypted": false,
                "iops": 100,
                "kms_key_id": "",
                "tags": {},
                "throughput": 0,
                "volume_id": "vol-0df59026efaa0a52e",
                "volume_size": 10,
                "volume_type": "gp2"
              }
            ],
            "secondary_private_ips": [],
            "security_groups": [],
            "source_dest_check": true,
            "spot_instance_request_id": "",
            "subnet_id": "subnet-036ed5456f054b49c",
            "tags": {
              "Name": "Public Instance"
            },
            "tags_all": {
              "Name": "Public Instance"
            },
            "tenancy": "default",
            "timeouts": null,
            "user_data": null,
            "user_data_base64": null,
            "user_data_replace_on_change": false,
            "volume_tags": null,
            "vpc_security_group_ids": [
              "sg-0b777682a52b78a4a"
            ]
          },
          "sensitive_attributes": [],
          "private": "eyJlMmJmYjczMC1lY2FhLTExZTYtOGY4OC0zNDM2M2JjN2M0YzAiOnsiY3JlYXRlIjo2MDAwMDAwMDAwMDAsImRlbGV0ZSI6MTIwMDAwMDAwMDAwMCwidXBkYXRlIjo2MDAwMDAwMDAwMDB9LCJzY2hlbWFfdmVyc2lvbiI6IjEifQ==",
          "dependencies": [
            "aws_key_pair.ec2_key_pair",
            "aws_security_group.public_sg",
            "aws_subnet.public_subnet",
            "aws_vpc.main",
            "tls_private_key.ssh_key"
          ]
        }
      ]
    },
    {
      "mode": "managed",
      "type": "aws_internet_gateway",
      "name": "igw",
      "provider": "provider[\"registry.terraform.io/hashicorp/aws\"]",
      "instances": [
        {
          "schema_version": 0,
          "attributes": {
            "arn": "arn:aws:ec2:ap-south-1:300133553638:internet-gateway/igw-01227a76f290207f9",
            "id": "igw-01227a76f290207f9",
            "owner_id": "300133553638",
            "tags": null,
            "tags_all": {},
            "timeouts": null,
            "vpc_id": "vpc-05bbff8127e1195d2"
          },
          "sensitive_attributes": [],
          "private": "eyJlMmJmYjczMC1lY2FhLTExZTYtOGY4OC0zNDM2M2JjN2M0YzAiOnsiY3JlYXRlIjoxMjAwMDAwMDAwMDAwLCJkZWxldGUiOjEyMDAwMDAwMDAwMDAsInVwZGF0ZSI6MTIwMDAwMDAwMDAwMH19",
          "dependencies": [
            "aws_vpc.main"
          ]
        }
      ]
    },
    {
      "mode": "managed",
      "type": "aws_key_pair",
      "name": "ec2_key_pair",
      "provider": "provider[\"registry.terraform.io/hashicorp/aws\"]",
      "instances": [
        {
          "schema_version": 1,
          "attributes": {
            "arn": "arn:aws:ec2:ap-south-1:300133553638:key-pair/ec2-key",
            "fingerprint": "d5:6c:7b:cd:0e:83:a5:8b:8d:91:62:60:3d:a7:5a:20",
            "id": "ec2-key",
            "key_name": "ec2-key",
            "key_name_prefix": "",
            "key_pair_id": "key-0b80b1ac350bc7bcc",
            "key_type": "rsa",
            "public_key": "ssh-rsa AAAAB3NzaC1yc2EAAAADAQABAAABAQC+8OjANifEIsZcO0ne7O9iYR28TSdXOgZ28ZKw83fwL4ZL0aMBX4rFdtetl3uoq6AG4HW2O8c0jVPVacHAFbeonKX7fDp8vQ7fQdDUo7D4uU3Rkno3/EEbzGptteZHYCsmzr6DgDktCR3TZdo7C+NgtF4lq6QQpfn0soZMlQ563vmR1x3rnjOf5e7C57oTUPdX7OFa7dapvB1ptWJwzraacCJoLcEzNBhI30xMlUxLkbvR3rCd9QXWLX3YcVcb98JG4md+5w+YI5xHzyLiWTGMEv+y8JKl4ruZa4pjuo0gWHRl0qrUOvbxm0VgPxbzqmtMkPlUlokEUxrLnw8UWTcL",
            "tags": null,
            "tags_all": {}
          },
          "sensitive_attributes": [],
          "private": "eyJzY2hlbWFfdmVyc2lvbiI6IjEifQ==",
          "dependencies": [
            "tls_private_key.ssh_key"
          ]
        }
      ]
    },
    {
      "mode": "managed",
      "type": "aws_nat_gateway",
      "name": "nat",
      "provider": "provider[\"registry.terraform.io/hashicorp/aws\"]",
      "instances": [
        {
          "schema_version": 0,
          "attributes": {
            "allocation_id": "eipalloc-0601005c51a023f9c",
            "association_id": "eipassoc-03821ef2dc02b20de",
            "connectivity_type": "public",
            "id": "nat-07404a3db3bd09c52",
            "network_interface_id": "eni-03a946c02df3522ba",
            "private_ip": "10.0.1.5",
            "public_ip": "52.66.186.35",
            "secondary_allocation_ids": null,
            "secondary_private_ip_address_count": 0,
            "secondary_private_ip_addresses": [],
            "subnet_id": "subnet-036ed5456f054b49c",
            "tags": null,
            "tags_all": {},
            "timeouts": null
          },
          "sensitive_attributes": [],
          "private": "eyJlMmJmYjczMC1lY2FhLTExZTYtOGY4OC0zNDM2M2JjN2M0YzAiOnsiY3JlYXRlIjo2MDAwMDAwMDAwMDAsImRlbGV0ZSI6MTgwMDAwMDAwMDAwMCwidXBkYXRlIjo2MDAwMDAwMDAwMDB9fQ==",
          "dependencies": [
            "aws_eip.nat",
            "aws_subnet.public_subnet",
            "aws_vpc.main"
          ]
        }
      ]
    },
    {
      "mode": "managed",
      "type": "aws_route_table",
      "name": "private",
      "provider": "provider[\"registry.terraform.io/hashicorp/aws\"]",
      "instances": [
        {
          "schema_version": 0,
          "attributes": {
            "arn": "arn:aws:ec2:ap-south-1:300133553638:route-table/rtb-08d12c75a6486be87",
            "id": "rtb-08d12c75a6486be87",
            "owner_id": "300133553638",
            "propagating_vgws": [],
            "route": [
              {
                "carrier_gateway_id": "",
                "cidr_block": "0.0.0.0/0",
                "core_network_arn": "",
                "destination_prefix_list_id": "",
                "egress_only_gateway_id": "",
                "gateway_id": "",
                "ipv6_cidr_block": "",
                "local_gateway_id": "",
                "nat_gateway_id": "nat-07404a3db3bd09c52",
                "network_interface_id": "",
                "transit_gateway_id": "",
                "vpc_endpoint_id": "",
                "vpc_peering_connection_id": ""
              }
            ],
            "tags": null,
            "tags_all": {},
            "timeouts": null,
            "vpc_id": "vpc-05bbff8127e1195d2"
          },
          "sensitive_attributes": [],
          "private": "eyJlMmJmYjczMC1lY2FhLTExZTYtOGY4OC0zNDM2M2JjN2M0YzAiOnsiY3JlYXRlIjozMDAwMDAwMDAwMDAsImRlbGV0ZSI6MzAwMDAwMDAwMDAwLCJ1cGRhdGUiOjEyMDAwMDAwMDAwMH19",
          "dependencies": [
            "aws_eip.nat",
            "aws_nat_gateway.nat",
            "aws_subnet.public_subnet",
            "aws_vpc.main"
          ]
        }
      ]
    },
    {
      "mode": "managed",
      "type": "aws_route_table",
      "name": "public_route_table",
      "provider": "provider[\"registry.terraform.io/hashicorp/aws\"]",
      "instances": [
        {
          "schema_version": 0,
          "attributes": {
            "arn": "arn:aws:ec2:ap-south-1:300133553638:route-table/rtb-0803eb873da0c74a0",
            "id": "rtb-0803eb873da0c74a0",
            "owner_id": "300133553638",
            "propagating_vgws": [],
            "route": [
              {
                "carrier_gateway_id": "",
                "cidr_block": "0.0.0.0/0",
                "core_network_arn": "",
                "destination_prefix_list_id": "",
                "egress_only_gateway_id": "",
                "gateway_id": "igw-01227a76f290207f9",
                "ipv6_cidr_block": "",
                "local_gateway_id": "",
                "nat_gateway_id": "",
                "network_interface_id": "",
                "transit_gateway_id": "",
                "vpc_endpoint_id": "",
                "vpc_peering_connection_id": ""
              }
            ],
            "tags": null,
            "tags_all": {},
            "timeouts": null,
            "vpc_id": "vpc-05bbff8127e1195d2"
          },
          "sensitive_attributes": [],
          "private": "eyJlMmJmYjczMC1lY2FhLTExZTYtOGY4OC0zNDM2M2JjN2M0YzAiOnsiY3JlYXRlIjozMDAwMDAwMDAwMDAsImRlbGV0ZSI6MzAwMDAwMDAwMDAwLCJ1cGRhdGUiOjEyMDAwMDAwMDAwMH19",
          "dependencies": [
            "aws_internet_gateway.igw",
            "aws_vpc.main"
          ]
        }
      ]
    },
    {
      "mode": "managed",
      "type": "aws_route_table_association",
      "name": "private",
      "provider": "provider[\"registry.terraform.io/hashicorp/aws\"]",
      "instances": [
        {
          "schema_version": 0,
          "attributes": {
            "gateway_id": "",
            "id": "rtbassoc-054b015f2498fa24e",
            "route_table_id": "rtb-08d12c75a6486be87",
            "subnet_id": "subnet-0958506f1893bf58b",
            "timeouts": null
          },
          "sensitive_attributes": [],
          "private": "eyJlMmJmYjczMC1lY2FhLTExZTYtOGY4OC0zNDM2M2JjN2M0YzAiOnsiY3JlYXRlIjozMDAwMDAwMDAwMDAsImRlbGV0ZSI6MzAwMDAwMDAwMDAwLCJ1cGRhdGUiOjEyMDAwMDAwMDAwMH19",
          "dependencies": [
            "aws_eip.nat",
            "aws_nat_gateway.nat",
            "aws_route_table.private",
            "aws_subnet.private_subnet",
            "aws_subnet.public_subnet",
            "aws_vpc.main"
          ]
        }
      ]
    },
    {
      "mode": "managed",
      "type": "aws_route_table_association",
      "name": "public_subnet_association",
      "provider": "provider[\"registry.terraform.io/hashicorp/aws\"]",
      "instances": [
        {
          "schema_version": 0,
          "attributes": {
            "gateway_id": "",
            "id": "rtbassoc-0078f7e4bcb3224aa",
            "route_table_id": "rtb-0803eb873da0c74a0",
            "subnet_id": "subnet-036ed5456f054b49c",
            "timeouts": null
          },
          "sensitive_attributes": [],
          "private": "eyJlMmJmYjczMC1lY2FhLTExZTYtOGY4OC0zNDM2M2JjN2M0YzAiOnsiY3JlYXRlIjozMDAwMDAwMDAwMDAsImRlbGV0ZSI6MzAwMDAwMDAwMDAwLCJ1cGRhdGUiOjEyMDAwMDAwMDAwMH19",
          "dependencies": [
            "aws_internet_gateway.igw",
            "aws_route_table.public_route_table",
            "aws_subnet.public_subnet",
            "aws_vpc.main"
          ]
        }
      ]
    },
    {
      "mode": "managed",
      "type": "aws_security_group",
      "name": "public_sg",
      "provider": "provider[\"registry.terraform.io/hashicorp/aws\"]",
      "instances": [
        {
          "schema_version": 1,
          "attributes": {
            "arn": "arn:aws:ec2:ap-south-1:300133553638:security-group/sg-0b777682a52b78a4a",
            "description": "Managed by Terraform",
            "egress": [
              {
                "cidr_blocks": [
                  "0.0.0.0/0"
                ],
                "description": "",
                "from_port": 0,
                "ipv6_cidr_blocks": [],
                "prefix_list_ids": [],
                "protocol": "-1",
                "security_groups": [],
                "self": false,
                "to_port": 0
              }
            ],
            "id": "sg-0b777682a52b78a4a",
            "ingress": [
              {
                "cidr_blocks": [
                  "0.0.0.0/0"
                ],
                "description": "",
                "from_port": 22,
                "ipv6_cidr_blocks": [],
                "prefix_list_ids": [],
                "protocol": "tcp",
                "security_groups": [],
                "self": false,
                "to_port": 22
              },
              {
                "cidr_blocks": [
                  "0.0.0.0/0"
                ],
                "description": "",
                "from_port": 80,
                "ipv6_cidr_blocks": [],
                "prefix_list_ids": [],
                "protocol": "tcp",
                "security_groups": [],
                "self": false,
                "to_port": 80
              }
            ],
            "name": "terraform-20231201070409658300000001",
            "name_prefix": "terraform-",
            "owner_id": "300133553638",
            "revoke_rules_on_delete": false,
            "tags": null,
            "tags_all": {},
            "timeouts": null,
            "vpc_id": "vpc-05bbff8127e1195d2"
          },
          "sensitive_attributes": [],
          "private": "eyJlMmJmYjczMC1lY2FhLTExZTYtOGY4OC0zNDM2M2JjN2M0YzAiOnsiY3JlYXRlIjo2MDAwMDAwMDAwMDAsImRlbGV0ZSI6OTAwMDAwMDAwMDAwfSwic2NoZW1hX3ZlcnNpb24iOiIxIn0=",
          "dependencies": [
            "aws_vpc.main"
          ]
        }
      ]
    },
    {
      "mode": "managed",
      "type": "aws_subnet",
      "name": "private_subnet",
      "provider": "provider[\"registry.terraform.io/hashicorp/aws\"]",
      "instances": [
        {
          "schema_version": 1,
          "attributes": {
            "arn": "arn:aws:ec2:ap-south-1:300133553638:subnet/subnet-0958506f1893bf58b",
            "assign_ipv6_address_on_creation": false,
            "availability_zone": "ap-south-1a",
            "availability_zone_id": "aps1-az1",
            "cidr_block": "10.0.2.0/24",
            "customer_owned_ipv4_pool": "",
            "enable_dns64": false,
            "enable_lni_at_device_index": 0,
            "enable_resource_name_dns_a_record_on_launch": false,
            "enable_resource_name_dns_aaaa_record_on_launch": false,
            "id": "subnet-0958506f1893bf58b",
            "ipv6_cidr_block": "",
            "ipv6_cidr_block_association_id": "",
            "ipv6_native": false,
            "map_customer_owned_ip_on_launch": false,
            "map_public_ip_on_launch": false,
            "outpost_arn": "",
            "owner_id": "300133553638",
            "private_dns_hostname_type_on_launch": "ip-name",
            "tags": null,
            "tags_all": {},
            "timeouts": null,
            "vpc_id": "vpc-05bbff8127e1195d2"
          },
          "sensitive_attributes": [],
          "private": "eyJlMmJmYjczMC1lY2FhLTExZTYtOGY4OC0zNDM2M2JjN2M0YzAiOnsiY3JlYXRlIjo2MDAwMDAwMDAwMDAsImRlbGV0ZSI6MTIwMDAwMDAwMDAwMH0sInNjaGVtYV92ZXJzaW9uIjoiMSJ9",
          "dependencies": [
            "aws_vpc.main"
          ]
        }
      ]
    },
    {
      "mode": "managed",
      "type": "aws_subnet",
      "name": "public_subnet",
      "provider": "provider[\"registry.terraform.io/hashicorp/aws\"]",
      "instances": [
        {
          "schema_version": 1,
          "attributes": {
            "arn": "arn:aws:ec2:ap-south-1:300133553638:subnet/subnet-036ed5456f054b49c",
            "assign_ipv6_address_on_creation": false,
            "availability_zone": "ap-south-1a",
            "availability_zone_id": "aps1-az1",
            "cidr_block": "10.0.1.0/24",
            "customer_owned_ipv4_pool": "",
            "enable_dns64": false,
            "enable_lni_at_device_index": 0,
            "enable_resource_name_dns_a_record_on_launch": false,
            "enable_resource_name_dns_aaaa_record_on_launch": false,
            "id": "subnet-036ed5456f054b49c",
            "ipv6_cidr_block": "",
            "ipv6_cidr_block_association_id": "",
            "ipv6_native": false,
            "map_customer_owned_ip_on_launch": false,
            "map_public_ip_on_launch": true,
            "outpost_arn": "",
            "owner_id": "300133553638",
            "private_dns_hostname_type_on_launch": "ip-name",
            "tags": null,
            "tags_all": {},
            "timeouts": null,
            "vpc_id": "vpc-05bbff8127e1195d2"
          },
          "sensitive_attributes": [],
          "private": "eyJlMmJmYjczMC1lY2FhLTExZTYtOGY4OC0zNDM2M2JjN2M0YzAiOnsiY3JlYXRlIjo2MDAwMDAwMDAwMDAsImRlbGV0ZSI6MTIwMDAwMDAwMDAwMH0sInNjaGVtYV92ZXJzaW9uIjoiMSJ9",
          "dependencies": [
            "aws_vpc.main"
          ]
        }
      ]
    },
    {
      "mode": "managed",
      "type": "aws_vpc",
      "name": "main",
      "provider": "provider[\"registry.terraform.io/hashicorp/aws\"]",
      "instances": [
        {
          "schema_version": 1,
          "attributes": {
            "arn": "arn:aws:ec2:ap-south-1:300133553638:vpc/vpc-05bbff8127e1195d2",
            "assign_generated_ipv6_cidr_block": false,
            "cidr_block": "10.0.0.0/16",
            "default_network_acl_id": "acl-08c4f6e8a1e00df16",
            "default_route_table_id": "rtb-0b7df62e381339b47",
            "default_security_group_id": "sg-0ccce2aac4e622e53",
            "dhcp_options_id": "dopt-0976689430ddd80ec",
            "enable_dns_hostnames": false,
            "enable_dns_support": true,
            "enable_network_address_usage_metrics": false,
            "id": "vpc-05bbff8127e1195d2",
            "instance_tenancy": "default",
            "ipv4_ipam_pool_id": null,
            "ipv4_netmask_length": null,
            "ipv6_association_id": "",
            "ipv6_cidr_block": "",
            "ipv6_cidr_block_network_border_group": "",
            "ipv6_ipam_pool_id": "",
            "ipv6_netmask_length": 0,
            "main_route_table_id": "rtb-0b7df62e381339b47",
            "owner_id": "300133553638",
            "tags": null,
            "tags_all": {}
          },
          "sensitive_attributes": [],
          "private": "eyJzY2hlbWFfdmVyc2lvbiI6IjEifQ=="
        }
      ]
    },
    {
      "mode": "managed",
      "type": "local_file",
      "name": "TF-key",
      "provider": "provider[\"registry.terraform.io/hashicorp/local\"]",
      "instances": [
        {
          "schema_version": 0,
          "attributes": {
            "content": "-----BEGIN RSA PRIVATE KEY-----\nMIIEpAIBAAKCAQEAvvDowDYnxCLGXDtJ3uzvYmEdvE0nVzoGdvGSsPN38C+GS9Gj\nAV+KxXbXrZd7qKugBuB1tjvHNI1T1WnBwBW3qJyl+3w6fL0O30HQ1KOw+LlN0ZJ6\nN/xBG8xqbbXmR2ArJs6+g4A5LQkd02XaOwvjYLReJaukEKX59LKGTJUOet75kdcd\n654zn+Xuwue6E1D3V+zhWu3WqbwdabVicM62mnAiaC3BMzQYSN9MTJVMS5G70d6w\nnfUF1i192HFXG/fCRuJnfucPmCOcR88i4lkxjBL/svCSpeK7mWuKY7qNIFh0ZdKq\n1Dr28ZtFYD8W86prTJD5VJaJBFMay58PFFk3CwIDAQABAoIBABn9ADDpLhBsC0OS\nbkOBTDO/tCRk++3LYAXga27aNIDkdwrqxZzyPBkUS9a8v3/9nBJTirH7AOoOMlLh\nyhUy34R7jbvk9LD1qoiIlLvca8HutsDHhwsHsnTuJa45C9a7KCRoD1YmpaGTlBOp\n0UIoJBKNeiL2caYycQr1IYJa51Wht15cy45+0FT9aC3z3Hng+v3Q43IvLLVV4UeD\nRF4TNLEKPUWHHS6zXmLLvZLF5WTbynKg1VghPWyU5JGoidASjA/3e6MOAROOa/VC\n76qPdUyl6Xvay2h+P2Qd7hM0OYxOUIGNCKeBUkyh8+13jognQVidO9CJRZW7fXQv\nHyHRjgECgYEA0O+Tgd6B9h2nq10B6cWjpmrtSfgdt4Gpy2FiFi2Esa6qzVUqSa9K\nfKsSy1QLy8sQf6UMR2vhya4/tgbzs0A4BrJTpeO+CQQg1dbmIzuJhU8psxan/UgH\n3SgbHgEZdNBYjujyFJhT0AuzRUVW/bl93ZzrJFKylGRbhExMXaz2F6sCgYEA6fOm\nvXpUhmlIN5eaqnwg5Jc/YggMFAGnmQ15wjykoWJF9Gu90kTB+KfXDfxXNy6BQUWG\nL4oNGygXiLiMPBAzj2z3HoUSaByilpRMu03AwMiktBuWNU0MAYDGJLf5H6T0R0y7\njvx6RX48ec7Par4GoIRLeTuaTx1LwiFJafjufiECgYAglp2dTgVbS/jRA6q+ubLy\nzA7C0M5hxvmi3UedSfA+fo3phPUZlRu7IjvGNw+3865ZGnc11J/dAy6wx5jPRp72\nfG4Lm+ASK/CrKd+vcyPaBSTt6AS/vrJrTkwce/NqguytLaxEhhXch1ao4U3WOU5m\neIk8myF7f8O+eOAYZFfmDQKBgQCBZoQOf5Aq/Ca2oQMqUxf6d/HV7i+IDVY/IKX9\nGn/Qx8N7qvBGUkObnnIjyTQQUIerq6HJv6j6IVXLCJCAVFHAffu9hMsmjNgdQ4+h\ndiMsPo5jFHMjrib62dg+zQddSmbW3QlM0DdtIqKemRY+qzaNKD96oc36/nA9wx2R\nIOABIQKBgQCCON2x9jFI5x9Ud+86KZEMlClq/IgjITGD7VjlnY3IS6cyGf9YTbqt\n2K9D7YiOiKoew23rlTZD2wdl3pph5aWb1TmVCJG8EHA+56M16iEkOMusVMGHeZG7\n8Q6fP3lW26cuo+nv/GYSD5WL5k/DL82RAeANMpaeWRDG5lkWRySOBQ==\n-----END RSA PRIVATE KEY-----\n",
            "content_base64": null,
            "content_base64sha256": "407es0GTOrpaihJootUdRNkm0C8mRcffZWm5IqDDH7Y=",
            "content_base64sha512": "jwfRu/kkEcvtSwzyRewn3aJZGiobQ+6BGd/fOnQdMxQN73VO622x6i2HGllT5N6L9qsfYgUJzkwE9XzuBR2Wrg==",
            "content_md5": "71b75a0f3b29fa5aadb34d097551462a",
            "content_sha1": "1046e46490f8b7832a3685677f47a887c2ff1a35",
            "content_sha256": "e34edeb341933aba5a8a1268a2d51d44d926d02f2645c7df6569b922a0c31fb6",
            "content_sha512": "8f07d1bbf92411cbed4b0cf245ec27dda2591a2a1b43ee8119dfdf3a741d33140def754eeb6db1ea2d871a5953e4de8bf6ab1f620509ce4c04f57cee051d96ae",
            "directory_permission": "0777",
            "file_permission": "0777",
            "filename": "private_key.pem",
            "id": "1046e46490f8b7832a3685677f47a887c2ff1a35",
            "sensitive_content": null,
            "source": null
          },
          "sensitive_attributes": [
            [
              {
                "type": "get_attr",
                "value": "content"
              }
            ]
          ],
          "dependencies": [
            "tls_private_key.ssh_key"
          ]
        }
      ]
    },
    {
      "mode": "managed",
      "type": "tls_private_key",
      "name": "ssh_key",
      "provider": "provider[\"registry.terraform.io/hashicorp/tls\"]",
      "instances": [
        {
          "schema_version": 1,
          "attributes": {
            "algorithm": "RSA",
            "ecdsa_curve": "P224",
            "id": "add67dfe9dadd4e466efd7ffbe334224501b1a3e",
            "private_key_openssh": "-----BEGIN OPENSSH PRIVATE KEY-----\nb3BlbnNzaC1rZXktdjEAAAAABG5vbmUAAAAEbm9uZQAAAAAAAAABAAABFwAAAAdz\nc2gtcnNhAAAAAwEAAQAAAQEAvvDowDYnxCLGXDtJ3uzvYmEdvE0nVzoGdvGSsPN3\n8C+GS9GjAV+KxXbXrZd7qKugBuB1tjvHNI1T1WnBwBW3qJyl+3w6fL0O30HQ1KOw\n+LlN0ZJ6N/xBG8xqbbXmR2ArJs6+g4A5LQkd02XaOwvjYLReJaukEKX59LKGTJUO\net75kdcd654zn+Xuwue6E1D3V+zhWu3WqbwdabVicM62mnAiaC3BMzQYSN9MTJVM\nS5G70d6wnfUF1i192HFXG/fCRuJnfucPmCOcR88i4lkxjBL/svCSpeK7mWuKY7qN\nIFh0ZdKq1Dr28ZtFYD8W86prTJD5VJaJBFMay58PFFk3CwAAA7jjsHgN47B4DQAA\nAAdzc2gtcnNhAAABAQC+8OjANifEIsZcO0ne7O9iYR28TSdXOgZ28ZKw83fwL4ZL\n0aMBX4rFdtetl3uoq6AG4HW2O8c0jVPVacHAFbeonKX7fDp8vQ7fQdDUo7D4uU3R\nkno3/EEbzGptteZHYCsmzr6DgDktCR3TZdo7C+NgtF4lq6QQpfn0soZMlQ563vmR\n1x3rnjOf5e7C57oTUPdX7OFa7dapvB1ptWJwzraacCJoLcEzNBhI30xMlUxLkbvR\n3rCd9QXWLX3YcVcb98JG4md+5w+YI5xHzyLiWTGMEv+y8JKl4ruZa4pjuo0gWHRl\n0qrUOvbxm0VgPxbzqmtMkPlUlokEUxrLnw8UWTcLAAAAAwEAAQAAAQAZ/QAw6S4Q\nbAtDkm5DgUwzv7QkZPvty2AF4Gtu2jSA5HcK6sWc8jwZFEvWvL9//ZwSU4qx+wDq\nDjJS4coVMt+Ee4275PSw9aqIiJS73GvB7rbAx4cLB7J07iWuOQvWuygkaA9WJqWh\nk5QTqdFCKCQSjXoi9nGmMnEK9SGCWudVobdeXMuOftBU/Wgt89x54Pr90ONyLyy1\nVeFHg0ReEzSxCj1Fhx0us15iy72SxeVk28pyoNVYIT1slOSRqInQEowP93ujDgET\njmv1Qu+qj3VMpel72stofj9kHe4TNDmMTlCBjQingVJMofPtd46IJ0FYnTvQiUWV\nu310Lx8h0Y4BAAAAgQCCON2x9jFI5x9Ud+86KZEMlClq/IgjITGD7VjlnY3IS6cy\nGf9YTbqt2K9D7YiOiKoew23rlTZD2wdl3pph5aWb1TmVCJG8EHA+56M16iEkOMus\nVMGHeZG78Q6fP3lW26cuo+nv/GYSD5WL5k/DL82RAeANMpaeWRDG5lkWRySOBQAA\nAIEA0O+Tgd6B9h2nq10B6cWjpmrtSfgdt4Gpy2FiFi2Esa6qzVUqSa9KfKsSy1QL\ny8sQf6UMR2vhya4/tgbzs0A4BrJTpeO+CQQg1dbmIzuJhU8psxan/UgH3SgbHgEZ\ndNBYjujyFJhT0AuzRUVW/bl93ZzrJFKylGRbhExMXaz2F6sAAACBAOnzpr16VIZp\nSDeXmqp8IOSXP2IIDBQBp5kNecI8pKFiRfRrvdJEwfin1w38VzcugUFFhi+KDRso\nF4i4jDwQM49s9x6FEmgcopaUTLtNwMDIpLQbljVNDAGAxiS3+R+k9EdMu478ekV+\nPHnOz2q+BqCES3k7mk8dS8IhSWn47n4hAAAAAAEC\n-----END OPENSSH PRIVATE KEY-----\n",
            "private_key_pem": "-----BEGIN RSA PRIVATE KEY-----\nMIIEpAIBAAKCAQEAvvDowDYnxCLGXDtJ3uzvYmEdvE0nVzoGdvGSsPN38C+GS9Gj\nAV+KxXbXrZd7qKugBuB1tjvHNI1T1WnBwBW3qJyl+3w6fL0O30HQ1KOw+LlN0ZJ6\nN/xBG8xqbbXmR2ArJs6+g4A5LQkd02XaOwvjYLReJaukEKX59LKGTJUOet75kdcd\n654zn+Xuwue6E1D3V+zhWu3WqbwdabVicM62mnAiaC3BMzQYSN9MTJVMS5G70d6w\nnfUF1i192HFXG/fCRuJnfucPmCOcR88i4lkxjBL/svCSpeK7mWuKY7qNIFh0ZdKq\n1Dr28ZtFYD8W86prTJD5VJaJBFMay58PFFk3CwIDAQABAoIBABn9ADDpLhBsC0OS\nbkOBTDO/tCRk++3LYAXga27aNIDkdwrqxZzyPBkUS9a8v3/9nBJTirH7AOoOMlLh\nyhUy34R7jbvk9LD1qoiIlLvca8HutsDHhwsHsnTuJa45C9a7KCRoD1YmpaGTlBOp\n0UIoJBKNeiL2caYycQr1IYJa51Wht15cy45+0FT9aC3z3Hng+v3Q43IvLLVV4UeD\nRF4TNLEKPUWHHS6zXmLLvZLF5WTbynKg1VghPWyU5JGoidASjA/3e6MOAROOa/VC\n76qPdUyl6Xvay2h+P2Qd7hM0OYxOUIGNCKeBUkyh8+13jognQVidO9CJRZW7fXQv\nHyHRjgECgYEA0O+Tgd6B9h2nq10B6cWjpmrtSfgdt4Gpy2FiFi2Esa6qzVUqSa9K\nfKsSy1QLy8sQf6UMR2vhya4/tgbzs0A4BrJTpeO+CQQg1dbmIzuJhU8psxan/UgH\n3SgbHgEZdNBYjujyFJhT0AuzRUVW/bl93ZzrJFKylGRbhExMXaz2F6sCgYEA6fOm\nvXpUhmlIN5eaqnwg5Jc/YggMFAGnmQ15wjykoWJF9Gu90kTB+KfXDfxXNy6BQUWG\nL4oNGygXiLiMPBAzj2z3HoUSaByilpRMu03AwMiktBuWNU0MAYDGJLf5H6T0R0y7\njvx6RX48ec7Par4GoIRLeTuaTx1LwiFJafjufiECgYAglp2dTgVbS/jRA6q+ubLy\nzA7C0M5hxvmi3UedSfA+fo3phPUZlRu7IjvGNw+3865ZGnc11J/dAy6wx5jPRp72\nfG4Lm+ASK/CrKd+vcyPaBSTt6AS/vrJrTkwce/NqguytLaxEhhXch1ao4U3WOU5m\neIk8myF7f8O+eOAYZFfmDQKBgQCBZoQOf5Aq/Ca2oQMqUxf6d/HV7i+IDVY/IKX9\nGn/Qx8N7qvBGUkObnnIjyTQQUIerq6HJv6j6IVXLCJCAVFHAffu9hMsmjNgdQ4+h\ndiMsPo5jFHMjrib62dg+zQddSmbW3QlM0DdtIqKemRY+qzaNKD96oc36/nA9wx2R\nIOABIQKBgQCCON2x9jFI5x9Ud+86KZEMlClq/IgjITGD7VjlnY3IS6cyGf9YTbqt\n2K9D7YiOiKoew23rlTZD2wdl3pph5aWb1TmVCJG8EHA+56M16iEkOMusVMGHeZG7\n8Q6fP3lW26cuo+nv/GYSD5WL5k/DL82RAeANMpaeWRDG5lkWRySOBQ==\n-----END RSA PRIVATE KEY-----\n",
            "private_key_pem_pkcs8": "-----BEGIN PRIVATE KEY-----\nMIIEvgIBADANBgkqhkiG9w0BAQEFAASCBKgwggSkAgEAAoIBAQC+8OjANifEIsZc\nO0ne7O9iYR28TSdXOgZ28ZKw83fwL4ZL0aMBX4rFdtetl3uoq6AG4HW2O8c0jVPV\nacHAFbeonKX7fDp8vQ7fQdDUo7D4uU3Rkno3/EEbzGptteZHYCsmzr6DgDktCR3T\nZdo7C+NgtF4lq6QQpfn0soZMlQ563vmR1x3rnjOf5e7C57oTUPdX7OFa7dapvB1p\ntWJwzraacCJoLcEzNBhI30xMlUxLkbvR3rCd9QXWLX3YcVcb98JG4md+5w+YI5xH\nzyLiWTGMEv+y8JKl4ruZa4pjuo0gWHRl0qrUOvbxm0VgPxbzqmtMkPlUlokEUxrL\nnw8UWTcLAgMBAAECggEAGf0AMOkuEGwLQ5JuQ4FMM7+0JGT77ctgBeBrbto0gOR3\nCurFnPI8GRRL1ry/f/2cElOKsfsA6g4yUuHKFTLfhHuNu+T0sPWqiIiUu9xrwe62\nwMeHCweydO4lrjkL1rsoJGgPVialoZOUE6nRQigkEo16IvZxpjJxCvUhglrnVaG3\nXlzLjn7QVP1oLfPceeD6/dDjci8stVXhR4NEXhM0sQo9RYcdLrNeYsu9ksXlZNvK\ncqDVWCE9bJTkkaiJ0BKMD/d7ow4BE45r9ULvqo91TKXpe9rLaH4/ZB3uEzQ5jE5Q\ngY0Ip4FSTKHz7XeOiCdBWJ070IlFlbt9dC8fIdGOAQKBgQDQ75OB3oH2HaerXQHp\nxaOmau1J+B23ganLYWIWLYSxrqrNVSpJr0p8qxLLVAvLyxB/pQxHa+HJrj+2BvOz\nQDgGslOl474JBCDV1uYjO4mFTymzFqf9SAfdKBseARl00FiO6PIUmFPQC7NFRVb9\nuX3dnOskUrKUZFuETExdrPYXqwKBgQDp86a9elSGaUg3l5qqfCDklz9iCAwUAaeZ\nDXnCPKShYkX0a73SRMH4p9cN/Fc3LoFBRYYvig0bKBeIuIw8EDOPbPcehRJoHKKW\nlEy7TcDAyKS0G5Y1TQwBgMYkt/kfpPRHTLuO/HpFfjx5zs9qvgaghEt5O5pPHUvC\nIUlp+O5+IQKBgCCWnZ1OBVtL+NEDqr65svLMDsLQzmHG+aLdR51J8D5+jemE9RmV\nG7siO8Y3D7fzrlkadzXUn90DLrDHmM9GnvZ8bgub4BIr8Ksp369zI9oFJO3oBL++\nsmtOTBx782qC7K0trESGFdyHVqjhTdY5TmZ4iTybIXt/w7544BhkV+YNAoGBAIFm\nhA5/kCr8JrahAypTF/p38dXuL4gNVj8gpf0af9DHw3uq8EZSQ5ueciPJNBBQh6ur\nocm/qPohVcsIkIBUUcB9+72EyyaM2B1Dj6F2Iyw+jmMUcyOuJvrZ2D7NB11KZtbd\nCUzQN20iop6ZFj6rNo0oP3qhzfr+cD3DHZEg4AEhAoGBAII43bH2MUjnH1R37zop\nkQyUKWr8iCMhMYPtWOWdjchLpzIZ/1hNuq3Yr0PtiI6Iqh7DbeuVNkPbB2XemmHl\npZvVOZUIkbwQcD7nozXqISQ4y6xUwYd5kbvxDp8/eVbbpy6j6e/8ZhIPlYvmT8Mv\nzZEB4A0ylp5ZEMbmWRZHJI4F\n-----END PRIVATE KEY-----\n",
            "public_key_fingerprint_md5": "95:89:73:a0:81:4f:bc:72:c4:9a:c1:1f:15:04:ac:0e",
            "public_key_fingerprint_sha256": "SHA256:yEXGraFDNrZ/Ipfrl1DW4LS90qyn8LC4ORJGoydvViI",
            "public_key_openssh": "ssh-rsa AAAAB3NzaC1yc2EAAAADAQABAAABAQC+8OjANifEIsZcO0ne7O9iYR28TSdXOgZ28ZKw83fwL4ZL0aMBX4rFdtetl3uoq6AG4HW2O8c0jVPVacHAFbeonKX7fDp8vQ7fQdDUo7D4uU3Rkno3/EEbzGptteZHYCsmzr6DgDktCR3TZdo7C+NgtF4lq6QQpfn0soZMlQ563vmR1x3rnjOf5e7C57oTUPdX7OFa7dapvB1ptWJwzraacCJoLcEzNBhI30xMlUxLkbvR3rCd9QXWLX3YcVcb98JG4md+5w+YI5xHzyLiWTGMEv+y8JKl4ruZa4pjuo0gWHRl0qrUOvbxm0VgPxbzqmtMkPlUlokEUxrLnw8UWTcL\n",
            "public_key_pem": "-----BEGIN PUBLIC KEY-----\nMIIBIjANBgkqhkiG9w0BAQEFAAOCAQ8AMIIBCgKCAQEAvvDowDYnxCLGXDtJ3uzv\nYmEdvE0nVzoGdvGSsPN38C+GS9GjAV+KxXbXrZd7qKugBuB1tjvHNI1T1WnBwBW3\nqJyl+3w6fL0O30HQ1KOw+LlN0ZJ6N/xBG8xqbbXmR2ArJs6+g4A5LQkd02XaOwvj\nYLReJaukEKX59LKGTJUOet75kdcd654zn+Xuwue6E1D3V+zhWu3WqbwdabVicM62\nmnAiaC3BMzQYSN9MTJVMS5G70d6wnfUF1i192HFXG/fCRuJnfucPmCOcR88i4lkx\njBL/svCSpeK7mWuKY7qNIFh0ZdKq1Dr28ZtFYD8W86prTJD5VJaJBFMay58PFFk3\nCwIDAQAB\n-----END PUBLIC KEY-----\n",
            "rsa_bits": 2048
          },
          "sensitive_attributes": []
        }
      ]
    }
  ],
  "check_results": null
}
